
Microsoft Visual Studio Solution File, Format Version 12.00
# Visual Studio Version 17
VisualStudioVersion = 17.11.35222.181
MinimumVisualStudioVersion = 10.0.40219.1
Project("{FAE04EC0-301F-11D3-BF4B-00C04F79EFBC}") = "PudgeMusicClub", "PudgeMusicClub\PudgeMusicClub.csproj", "{1CA7D185-86F6-45E2-A506-AD56B75986CC}"
EndProject
Global
	GlobalSection(SolutionConfigurationPlatforms) = preSolution
		Debug|Any CPU = Debug|Any CPU
		Release|Any CPU = Release|Any CPU
	EndGlobalSection
	GlobalSection(ProjectConfigurationPlatforms) = postSolution
		{1CA7D185-86F6-45E2-A506-AD56B75986CC}.Debug|Any CPU.ActiveCfg = Debug|Any CPU
		{1CA7D185-86F6-45E2-A506-AD56B75986CC}.Debug|Any CPU.Build.0 = Debug|Any CPU
		{1CA7D185-86F6-45E2-A506-AD56B75986CC}.Release|Any CPU.ActiveCfg = Release|Any CPU
		{1CA7D185-86F6-45E2-A506-AD56B75986CC}.Release|Any CPU.Build.0 = Release|Any CPU
	EndGlobalSection
	GlobalSection(SolutionProperties) = preSolution
		HideSolutionNode = FALSE
	EndGlobalSection
	GlobalSection(ExtensibilityGlobals) = postSolution
		SolutionGuid = {BC01FB60-3A5E-4A0E-9DBF-3AAA27EDBCD3}
	EndGlobalSection
EndGlobal
